<?xml version="1.0" encoding="utf-8"?>
<Project ToolsVersion="4.0" xmlns="http://schemas.microsoft.com/developer/msbuild/2003">
  <ItemGroup>
    <Filter Include="UnitTests">
      <UniqueIdentifier>{eabeb040-be34-410d-be83-c7eaabbb09e2}</UniqueIdentifier>
    </Filter>
  </ItemGroup>
  <ItemGroup>
    <ClCompile Include="Test_Math.cpp">
      <Filter>UnitTests</Filter>
    </ClCompile>
    <ClCompile Include="main.cpp" />
    <ClCompile Include="Test_GraphPointBuffer.cpp">
      <Filter>UnitTests</Filter>
    </ClCompile>
  </ItemGroup>
  <ItemGroup>
    <ClInclude Include="catch2.hpp" />
  </ItemGroup>
</Project>