<?xml version="1.0" encoding="utf-8"?>
<Project ToolsVersion="4.0" xmlns="http://schemas.microsoft.com/developer/msbuild/2003">
  <ItemGroup>
    <Filter Include="Source Files">
      <UniqueIdentifier>{4FC737F1-C7A5-4376-A066-2A32D752A2FF}</UniqueIdentifier>
      <Extensions>cpp;c;cc;cxx;def;odl;idl;hpj;bat;asm;asmx</Extensions>
    </Filter>
    <Filter Include="Header Files">
      <UniqueIdentifier>{93995380-89BD-4b04-88EB-625FBE52EBFB}</UniqueIdentifier>
      <Extensions>h;hh;hpp;hxx;hm;inl;inc;xsd</Extensions>
    </Filter>
    <Filter Include="Resource Files">
      <UniqueIdentifier>{67DA6AB6-F800-4c08-8B7A-83BB121AAD01}</UniqueIdentifier>
      <Extensions>rc;ico;cur;bmp;dlg;rc2;rct;bin;rgs;gif;jpg;jpeg;jpe;resx;tiff;tif;png;wav;mfcribbon-ms</Extensions>
    </Filter>
  </ItemGroup>
  <ItemGroup>
    <ClInclude Include="AnimationState.h">
      <Filter>Header Files</Filter>
    </ClInclude>
    <ClInclude Include="CPUMeasure.h">
      <Filter>Header Files</Filter>
    </ClInclude>
    <ClInclude Include="CPUPlugin.h">
      <Filter>Header Files</Filter>
    </ClInclude>
    <ClInclude Include="CPUStatsWidget.h">
      <Filter>Header Files</Filter>
    </ClInclude>
    <ClInclude Include="DriveMeasure.h">
      <Filter>Header Files</Filter>
    </ClInclude>
    <ClInclude Include="FontManager.h">
      <Filter>Header Files</Filter>
    </ClInclude>
    <ClInclude Include="GLShaders.h">
      <Filter>Header Files</Filter>
    </ClInclude>
    <ClInclude Include="GPUMeasure.h">
      <Filter>Header Files</Filter>
    </ClInclude>
    <ClInclude Include="GraphWidget.h">
      <Filter>Header Files</Filter>
    </ClInclude>
    <ClInclude Include="HDDWidget.h">
      <Filter>Header Files</Filter>
    </ClInclude>
    <ClInclude Include="MainWidget.h">
      <Filter>Header Files</Filter>
    </ClInclude>
    <ClInclude Include="Monitors.h">
      <Filter>Header Files</Filter>
    </ClInclude>
    <ClInclude Include="MusicMeasure.h">
      <Filter>Header Files</Filter>
    </ClInclude>
    <ClInclude Include="MusicWidget.h">
      <Filter>Header Files</Filter>
    </ClInclude>
    <ClInclude Include="NetMeasure.h">
      <Filter>Header Files</Filter>
    </ClInclude>
    <ClInclude Include="ProcessCPUWidget.h">
      <Filter>Header Files</Filter>
    </ClInclude>
    <ClInclude Include="ProcessData.h">
      <Filter>Header Files</Filter>
    </ClInclude>
    <ClInclude Include="ProcessMeasure.h">
      <Filter>Header Files</Filter>
    </ClInclude>
    <ClInclude Include="ProcessRAMWidget.h">
      <Filter>Header Files</Filter>
    </ClInclude>
    <ClInclude Include="RAMMeasure.h">
      <Filter>Header Files</Filter>
    </ClInclude>
    <ClInclude Include="Renderer.h">
      <Filter>Header Files</Filter>
    </ClInclude>
    <ClInclude Include="RetroGraph.h">
      <Filter>Header Files</Filter>
    </ClInclude>
    <ClInclude Include="SystemMeasure.h">
      <Filter>Header Files</Filter>
    </ClInclude>
    <ClInclude Include="SystemStatsWidget.h">
      <Filter>Header Files</Filter>
    </ClInclude>
    <ClInclude Include="TimeWidget.h">
      <Filter>Header Files</Filter>
    </ClInclude>
    <ClInclude Include="UserSettings.h">
      <Filter>Header Files</Filter>
    </ClInclude>
    <ClInclude Include="Window.h">
      <Filter>Header Files</Filter>
    </ClInclude>
    <ClInclude Include="colors.h">
      <Filter>Header Files</Filter>
    </ClInclude>
    <ClInclude Include="drawUtils.h">
      <Filter>Header Files</Filter>
    </ClInclude>
    <ClInclude Include="resource.h">
      <Filter>Header Files</Filter>
    </ClInclude>
    <ClInclude Include="utils.h">
      <Filter>Header Files</Filter>
    </ClInclude>
    <ClInclude Include="FPSLimiter.h">
      <Filter>Header Files</Filter>
    </ClInclude>
    <ClInclude Include="units.h">
      <Filter>Header Files</Filter>
    </ClInclude>
    <ClInclude Include="FPSWidget.h">
      <Filter>Header Files</Filter>
    </ClInclude>
    <ClInclude Include="Widget.h">
      <Filter>Header Files</Filter>
    </ClInclude>
    <ClInclude Include="stdafx.h">
      <Filter>Header Files</Filter>
    </ClInclude>
    <ClInclude Include="Measure.h">
      <Filter>Header Files</Filter>
    </ClInclude>
    <ClInclude Include="D3GPUMeasure.h">
      <Filter>Header Files</Filter>
    </ClInclude>
    <ClInclude Include="SystemInformationMeasure.h">
      <Filter>Header Files</Filter>
    </ClInclude>
    <ClInclude Include="NtDefs.h">
      <Filter>Header Files</Filter>
    </ClInclude>
    <ClInclude Include="NetStatsWidget.h">
      <Filter>Header Files</Filter>
    </ClInclude>
    <ClInclude Include="DisplayMeasure.h">
      <Filter>Header Files</Filter>
    </ClInclude>
    <ClInclude Include="ListContainer.h">
      <Filter>Header Files</Filter>
    </ClInclude>
    <ClInclude Include="VBOController.h">
      <Filter>Header Files</Filter>
    </ClInclude>
  </ItemGroup>
  <ItemGroup>
    <ClCompile Include="utils.cpp">
      <Filter>Source Files</Filter>
    </ClCompile>
    <ClCompile Include="drawUtils.cpp">
      <Filter>Source Files</Filter>
    </ClCompile>
    <ClCompile Include="Window.cpp">
      <Filter>Source Files</Filter>
    </ClCompile>
    <ClCompile Include="UserSettings.cpp">
      <Filter>Source Files</Filter>
    </ClCompile>
    <ClCompile Include="TimeWidget.cpp">
      <Filter>Source Files</Filter>
    </ClCompile>
    <ClCompile Include="SystemStatsWidget.cpp">
      <Filter>Source Files</Filter>
    </ClCompile>
    <ClCompile Include="SystemMeasure.cpp">
      <Filter>Source Files</Filter>
    </ClCompile>
    <ClCompile Include="RetroGraph.cpp">
      <Filter>Source Files</Filter>
    </ClCompile>
    <ClCompile Include="Renderer.cpp">
      <Filter>Source Files</Filter>
    </ClCompile>
    <ClCompile Include="RAMMeasure.cpp">
      <Filter>Source Files</Filter>
    </ClCompile>
    <ClCompile Include="ProcessRAMWidget.cpp">
      <Filter>Source Files</Filter>
    </ClCompile>
    <ClCompile Include="ProcessMeasure.cpp">
      <Filter>Source Files</Filter>
    </ClCompile>
    <ClCompile Include="ProcessData.cpp">
      <Filter>Source Files</Filter>
    </ClCompile>
    <ClCompile Include="ProcessCPUWidget.cpp">
      <Filter>Source Files</Filter>
    </ClCompile>
    <ClCompile Include="NetMeasure.cpp">
      <Filter>Source Files</Filter>
    </ClCompile>
    <ClCompile Include="MusicWidget.cpp">
      <Filter>Source Files</Filter>
    </ClCompile>
    <ClCompile Include="MusicMeasure.cpp">
      <Filter>Source Files</Filter>
    </ClCompile>
    <ClCompile Include="Monitors.cpp">
      <Filter>Source Files</Filter>
    </ClCompile>
    <ClCompile Include="MainWidget.cpp">
      <Filter>Source Files</Filter>
    </ClCompile>
    <ClCompile Include="HDDWidget.cpp">
      <Filter>Source Files</Filter>
    </ClCompile>
    <ClCompile Include="GraphWidget.cpp">
      <Filter>Source Files</Filter>
    </ClCompile>
    <ClCompile Include="GPUMeasure.cpp">
      <Filter>Source Files</Filter>
    </ClCompile>
    <ClCompile Include="GLShaders.cpp">
      <Filter>Source Files</Filter>
    </ClCompile>
    <ClCompile Include="FontManager.cpp">
      <Filter>Source Files</Filter>
    </ClCompile>
    <ClCompile Include="FPSWidget.cpp">
      <Filter>Source Files</Filter>
    </ClCompile>
    <ClCompile Include="FPSLimiter.cpp">
      <Filter>Source Files</Filter>
    </ClCompile>
    <ClCompile Include="DriveMeasure.cpp">
      <Filter>Source Files</Filter>
    </ClCompile>
    <ClCompile Include="CPUStatsWidget.cpp">
      <Filter>Source Files</Filter>
    </ClCompile>
    <ClCompile Include="CPUPlugin.cpp">
      <Filter>Source Files</Filter>
    </ClCompile>
    <ClCompile Include="CPUMeasure.cpp">
      <Filter>Source Files</Filter>
    </ClCompile>
    <ClCompile Include="AnimationState.cpp">
      <Filter>Source Files</Filter>
    </ClCompile>
    <ClCompile Include="Widget.cpp">
      <Filter>Source Files</Filter>
    </ClCompile>
    <ClCompile Include="stdafx.cpp">
      <Filter>Source Files</Filter>
    </ClCompile>
    <ClCompile Include="D3GPUMeasure.cpp">
      <Filter>Source Files</Filter>
    </ClCompile>
    <ClCompile Include="SystemInformationMeasure.cpp">
      <Filter>Source Files</Filter>
    </ClCompile>
    <ClCompile Include="NetStatsWidget.cpp">
      <Filter>Source Files</Filter>
    </ClCompile>
    <ClCompile Include="DisplayMeasure.cpp">
      <Filter>Source Files</Filter>
    </ClCompile>
    <ClCompile Include="ListContainer.cpp">
      <Filter>Source Files</Filter>
    </ClCompile>
    <ClCompile Include="VBOController.cpp">
      <Filter>Source Files</Filter>
    </ClCompile>
  </ItemGroup>
</Project>