<?xml version="1.0" encoding="utf-8"?>
<Project ToolsVersion="4.0" xmlns="http://schemas.microsoft.com/developer/msbuild/2003">
  <ItemGroup>
    <Filter Include="Source Files">
      <UniqueIdentifier>{4FC737F1-C7A5-4376-A066-2A32D752A2FF}</UniqueIdentifier>
      <Extensions>cpp;c;cc;cxx;def;odl;idl;hpj;bat;asm;asmx</Extensions>
    </Filter>
    <Filter Include="Header Files">
      <UniqueIdentifier>{93995380-89BD-4b04-88EB-625FBE52EBFB}</UniqueIdentifier>
      <Extensions>h;hh;hpp;hxx;hm;inl;inc;xsd</Extensions>
    </Filter>
    <Filter Include="Resource Files">
      <UniqueIdentifier>{67DA6AB6-F800-4c08-8B7A-83BB121AAD01}</UniqueIdentifier>
      <Extensions>rc;ico;cur;bmp;dlg;rc2;rct;bin;rgs;gif;jpg;jpeg;jpe;resx;tiff;tif;png;wav;mfcribbon-ms</Extensions>
    </Filter>
    <Filter Include="Modules">
      <UniqueIdentifier>{3ee1f8d9-0b15-4bb3-9150-d330abc7b61b}</UniqueIdentifier>
    </Filter>
    <Filter Include="Modules\Widgets">
      <UniqueIdentifier>{61c50914-dee1-49ae-a5fa-a8aa6dec11e6}</UniqueIdentifier>
    </Filter>
    <Filter Include="Modules\Measures">
      <UniqueIdentifier>{e9183c73-d8ba-4834-99da-345c6ecd372a}</UniqueIdentifier>
    </Filter>
    <Filter Include="Modules\Measures\Data">
      <UniqueIdentifier>{593b7e41-8975-4510-bfbd-4be99df85fb8}</UniqueIdentifier>
    </Filter>
  </ItemGroup>
  <ItemGroup>
    <ClInclude Include="resource.h">
      <Filter>Header Files</Filter>
    </ClInclude>
    <ClInclude Include="RGAssert.h">
      <Filter>Header Files</Filter>
    </ClInclude>
  </ItemGroup>
  <ItemGroup>
    <ClCompile Include="CPUStatsWidget.ixx">
      <Filter>Modules\Widgets</Filter>
    </ClCompile>
    <ClCompile Include="TimeWidget.ixx">
      <Filter>Modules\Widgets</Filter>
    </ClCompile>
    <ClCompile Include="MainWidget.ixx">
      <Filter>Modules\Widgets</Filter>
    </ClCompile>
    <ClCompile Include="MusicWidget.ixx">
      <Filter>Modules\Widgets</Filter>
    </ClCompile>
    <ClCompile Include="ProcessRAMWidget.ixx">
      <Filter>Modules\Widgets</Filter>
    </ClCompile>
    <ClCompile Include="SystemStatsWidget.ixx">
      <Filter>Modules\Widgets</Filter>
    </ClCompile>
    <ClCompile Include="NetStatsWidget.ixx">
      <Filter>Modules\Widgets</Filter>
    </ClCompile>
    <ClCompile Include="FPSWidget.ixx">
      <Filter>Modules\Widgets</Filter>
    </ClCompile>
    <ClCompile Include="GraphWidget.ixx">
      <Filter>Modules\Widgets</Filter>
    </ClCompile>
    <ClCompile Include="ProcessCPUWidget.ixx">
      <Filter>Modules\Widgets</Filter>
    </ClCompile>
    <ClCompile Include="HDDWidget.ixx">
      <Filter>Modules\Widgets</Filter>
    </ClCompile>
    <ClCompile Include="Widget.ixx">
      <Filter>Modules\Widgets</Filter>
    </ClCompile>
    <ClCompile Include="Renderer.ixx">
      <Filter>Modules</Filter>
    </ClCompile>
    <ClCompile Include="RetroGraph.ixx">
      <Filter>Modules</Filter>
    </ClCompile>
    <ClCompile Include="IRetroGraph.ixx">
      <Filter>Modules</Filter>
    </ClCompile>
    <ClCompile Include="FPSLimiter.ixx">
      <Filter>Modules</Filter>
    </ClCompile>
    <ClCompile Include="DrawUtils.ixx">
      <Filter>Modules</Filter>
    </ClCompile>
    <ClCompile Include="WidgetDefines.ixx">
      <Filter>Modules\Widgets</Filter>
    </ClCompile>
    <ClCompile Include="GLShader.ixx">
      <Filter>Modules</Filter>
    </ClCompile>
    <ClCompile Include="Utils.ixx">
      <Filter>Modules</Filter>
    </ClCompile>
    <ClCompile Include="RGAssert.cpp">
      <Filter>Source Files</Filter>
    </ClCompile>
    <ClCompile Include="Units.ixx">
      <Filter>Modules</Filter>
    </ClCompile>
    <ClCompile Include="UserSettings.ixx">
      <Filter>Modules</Filter>
    </ClCompile>
    <ClCompile Include="Colors.ixx">
      <Filter>Modules</Filter>
    </ClCompile>
    <ClCompile Include="NtDefs.ixx">
      <Filter>Modules</Filter>
    </ClCompile>
    <ClCompile Include="GLListContainer.ixx">
      <Filter>Modules</Filter>
    </ClCompile>
    <ClCompile Include="Window.ixx">
      <Filter>Modules</Filter>
    </ClCompile>
    <ClCompile Include="AnimationState.ixx">
      <Filter>Modules\Measures</Filter>
    </ClCompile>
    <ClCompile Include="Particle.ixx">
      <Filter>Modules\Measures</Filter>
    </ClCompile>
    <ClCompile Include="Measure.ixx">
      <Filter>Modules\Measures</Filter>
    </ClCompile>
    <ClCompile Include="RAMMeasure.ixx">
      <Filter>Modules\Measures</Filter>
    </ClCompile>
    <ClCompile Include="Monitors.ixx">
      <Filter>Modules\Measures</Filter>
    </ClCompile>
    <ClCompile Include="MusicMeasure.ixx">
      <Filter>Modules\Measures</Filter>
    </ClCompile>
    <ClCompile Include="GPUMeasure.ixx">
      <Filter>Modules\Measures</Filter>
    </ClCompile>
    <ClCompile Include="FontManager.ixx">
      <Filter>Modules</Filter>
    </ClCompile>
    <ClCompile Include="SystemMeasure.ixx">
      <Filter>Modules\Measures</Filter>
    </ClCompile>
    <ClCompile Include="ProcessMeasure.ixx">
      <Filter>Modules\Widgets</Filter>
    </ClCompile>
    <ClCompile Include="CPUMeasure.ixx">
      <Filter>Modules\Measures</Filter>
    </ClCompile>
    <ClCompile Include="CPUPlugin.ixx">
      <Filter>Modules</Filter>
    </ClCompile>
    <ClCompile Include="DriveMeasure.ixx">
      <Filter>Modules\Measures</Filter>
    </ClCompile>
    <ClCompile Include="ProcessData.ixx">
      <Filter>Modules\Measures\Data</Filter>
    </ClCompile>
    <ClCompile Include="DriveInfo.ixx">
      <Filter>Modules\Measures\Data</Filter>
    </ClCompile>
    <ClCompile Include="DisplayMeasure.ixx">
      <Filter>Modules\Measures</Filter>
    </ClCompile>
    <ClCompile Include="NetMeasure.ixx">
      <Filter>Modules\Measures</Filter>
    </ClCompile>
    <ClCompile Include="VBOController.ixx">
      <Filter>Modules</Filter>
    </ClCompile>
  </ItemGroup>
</Project>