<?xml version="1.0" encoding="utf-8"?>
<Project ToolsVersion="4.0" xmlns="http://schemas.microsoft.com/developer/msbuild/2003">
  <ItemGroup>
    <Filter Include="Source Files">
      <UniqueIdentifier>{4FC737F1-C7A5-4376-A066-2A32D752A2FF}</UniqueIdentifier>
      <Extensions>cpp;c;cc;cxx;def;odl;idl;hpj;bat;asm;asmx</Extensions>
    </Filter>
    <Filter Include="Header Files">
      <UniqueIdentifier>{93995380-89BD-4b04-88EB-625FBE52EBFB}</UniqueIdentifier>
      <Extensions>h;hh;hpp;hxx;hm;inl;inc;xsd</Extensions>
    </Filter>
    <Filter Include="Resource Files">
      <UniqueIdentifier>{67DA6AB6-F800-4c08-8B7A-83BB121AAD01}</UniqueIdentifier>
      <Extensions>rc;ico;cur;bmp;dlg;rc2;rct;bin;rgs;gif;jpg;jpeg;jpe;resx;tiff;tif;png;wav;mfcribbon-ms</Extensions>
    </Filter>
    <Filter Include="Resources">
      <UniqueIdentifier>{04c3c6ff-192a-4676-a2b9-6cd8a1d97513}</UniqueIdentifier>
    </Filter>
    <Filter Include="Resources\shaders">
      <UniqueIdentifier>{82c048dd-ec38-4a6a-8654-c3586ad1bee1}</UniqueIdentifier>
    </Filter>
  </ItemGroup>
  <ItemGroup>
    <None Include="Resources\default_config.ini">
      <Filter>Resources</Filter>
    </None>
    <None Include="Resources\config.ini">
      <Filter>Resources</Filter>
    </None>
    <None Include="Resources\shaders\particleLine.frag">
      <Filter>Resources\shaders</Filter>
    </None>
    <None Include="Resources\shaders\particleLine.vert">
      <Filter>Resources\shaders</Filter>
    </None>
    <None Include="Resources\shaders\particle.vert">
      <Filter>Resources\shaders</Filter>
    </None>
    <None Include="Resources\shaders\particle.frag">
      <Filter>Resources\shaders</Filter>
    </None>
  </ItemGroup>
  <ItemGroup>
    <ClCompile Include="main.cpp">
      <Filter>Source Files</Filter>
    </ClCompile>
  </ItemGroup>
  <ItemGroup>
    <Text Include="todo.txt" />
    <Text Include="InstallNotes.txt" />
  </ItemGroup>
  <ItemGroup>
    <ResourceCompile Include="Resources\RetroGraph.rc">
      <Filter>Resources</Filter>
    </ResourceCompile>
  </ItemGroup>
  <ItemGroup>
    <ClInclude Include="Resources\resource.h">
      <Filter>Resources</Filter>
    </ClInclude>
  </ItemGroup>
</Project>