<?xml version="1.0" encoding="utf-8"?>
<Project ToolsVersion="4.0" xmlns="http://schemas.microsoft.com/developer/msbuild/2003">
  <ItemGroup>
    <Filter Include="Source Files">
      <UniqueIdentifier>{4FC737F1-C7A5-4376-A066-2A32D752A2FF}</UniqueIdentifier>
      <Extensions>cpp;c;cc;cxx;c++;cppm;ixx;def;odl;idl;hpj;bat;asm;asmx</Extensions>
    </Filter>
    <Filter Include="Modules">
      <UniqueIdentifier>{fe2094c2-81be-4a61-9f93-8fcd845cb5ab}</UniqueIdentifier>
    </Filter>
    <Filter Include="Modules\Measures">
      <UniqueIdentifier>{ee8a28f4-4a01-490e-9a55-68ac85ca1220}</UniqueIdentifier>
    </Filter>
    <Filter Include="Modules\Measures\Data">
      <UniqueIdentifier>{bf26c481-fbfc-4dae-9fb7-946fd9fa0ee7}</UniqueIdentifier>
    </Filter>
    <Filter Include="Header Units">
      <UniqueIdentifier>{93995380-89BD-4b04-88EB-625FBE52EBFB}</UniqueIdentifier>
      <Extensions>h;hh;hpp;hxx;h++;hm;inl;inc;ipp;xsd</Extensions>
    </Filter>
    <Filter Include="Resources">
      <UniqueIdentifier>{67DA6AB6-F800-4c08-8B7A-83BB121AAD01}</UniqueIdentifier>
      <Extensions>rc;ico;cur;bmp;dlg;rc2;rct;bin;rgs;gif;jpg;jpeg;jpe;resx;tiff;tif;png;wav;mfcribbon-ms</Extensions>
    </Filter>
    <Filter Include="Modules\Rendering">
      <UniqueIdentifier>{858fd7ec-e6f0-4f57-b805-49fc166d8584}</UniqueIdentifier>
    </Filter>
    <Filter Include="Modules\Widgets">
      <UniqueIdentifier>{023c0db9-90cc-4bda-9b5f-a6d2778c8414}</UniqueIdentifier>
    </Filter>
    <Filter Include="Resources\shaders">
      <UniqueIdentifier>{1e6a2311-6c7d-417b-bacb-311e7539085c}</UniqueIdentifier>
    </Filter>
    <Filter Include="Modules\Core">
      <UniqueIdentifier>{3b8b9494-7922-4d61-8caa-1e46d5e75132}</UniqueIdentifier>
    </Filter>
    <Filter Include="Modules\Widgets\Graph">
      <UniqueIdentifier>{a0504038-f37c-4a0c-891a-7fd38ef29e45}</UniqueIdentifier>
    </Filter>
  </ItemGroup>
  <ItemGroup>
    <ClCompile Include="RetroGraphDLL.cpp">
      <Filter>Source Files</Filter>
    </ClCompile>
    <ClCompile Include="GLHeaderUnit.h">
      <Filter>Header Units</Filter>
    </ClCompile>
    <ClCompile Include="WindowsHeaderUnit.h">
      <Filter>Header Units</Filter>
    </ClCompile>
    <ClCompile Include="WindowsNetworkHeaderUnit.h">
      <Filter>Header Units</Filter>
    </ClCompile>
    <ClCompile Include="Measures\Data\DriveInfo.ixx">
      <Filter>Modules\Measures\Data</Filter>
    </ClCompile>
    <ClCompile Include="Measures\Data\ProcessData.ixx">
      <Filter>Modules\Measures\Data</Filter>
    </ClCompile>
    <ClCompile Include="Measures\GPUMeasure.ixx">
      <Filter>Modules\Measures</Filter>
    </ClCompile>
    <ClCompile Include="Measures\Measure.ixx">
      <Filter>Modules\Measures</Filter>
    </ClCompile>
    <ClCompile Include="Measures\MusicMeasure.ixx">
      <Filter>Modules\Measures</Filter>
    </ClCompile>
    <ClCompile Include="Measures\NetMeasure.ixx">
      <Filter>Modules\Measures</Filter>
    </ClCompile>
    <ClCompile Include="Measures\NtDefs.ixx">
      <Filter>Modules\Measures</Filter>
    </ClCompile>
    <ClCompile Include="Measures\Particle.ixx">
      <Filter>Modules\Measures</Filter>
    </ClCompile>
    <ClCompile Include="Measures\ProcessMeasure.ixx">
      <Filter>Modules\Measures</Filter>
    </ClCompile>
    <ClCompile Include="Measures\RAMMeasure.ixx">
      <Filter>Modules\Measures</Filter>
    </ClCompile>
    <ClCompile Include="Measures\SystemMeasure.ixx">
      <Filter>Modules\Measures</Filter>
    </ClCompile>
    <ClCompile Include="Measures\AnimationState.ixx">
      <Filter>Modules\Measures</Filter>
    </ClCompile>
    <ClCompile Include="Measures\CPUMeasure.ixx">
      <Filter>Modules\Measures</Filter>
    </ClCompile>
    <ClCompile Include="Measures\DisplayMeasure.ixx">
      <Filter>Modules\Measures</Filter>
    </ClCompile>
    <ClCompile Include="Measures\DriveMeasure.ixx">
      <Filter>Modules\Measures</Filter>
    </ClCompile>
    <ClCompile Include="Measures\CPUPlugin.ixx">
      <Filter>Modules\Measures</Filter>
    </ClCompile>
    <ClCompile Include="Widgets\MainWidget.ixx">
      <Filter>Modules\Widgets</Filter>
    </ClCompile>
    <ClCompile Include="Widgets\MusicWidget.ixx">
      <Filter>Modules\Widgets</Filter>
    </ClCompile>
    <ClCompile Include="Widgets\NetStatsWidget.ixx">
      <Filter>Modules\Widgets</Filter>
    </ClCompile>
    <ClCompile Include="Widgets\ProcessCPUWidget.ixx">
      <Filter>Modules\Widgets</Filter>
    </ClCompile>
    <ClCompile Include="Widgets\ProcessRAMWidget.ixx">
      <Filter>Modules\Widgets</Filter>
    </ClCompile>
    <ClCompile Include="Widgets\SystemStatsWidget.ixx">
      <Filter>Modules\Widgets</Filter>
    </ClCompile>
    <ClCompile Include="Widgets\TimeWidget.ixx">
      <Filter>Modules\Widgets</Filter>
    </ClCompile>
    <ClCompile Include="Widgets\Widget.ixx">
      <Filter>Modules\Widgets</Filter>
    </ClCompile>
    <ClCompile Include="Widgets\CPUStatsWidget.ixx">
      <Filter>Modules\Widgets</Filter>
    </ClCompile>
    <ClCompile Include="Widgets\FPSWidget.ixx">
      <Filter>Modules\Widgets</Filter>
    </ClCompile>
    <ClCompile Include="Widgets\RAMGraphWidget.ixx">
      <Filter>Modules\Widgets</Filter>
    </ClCompile>
    <ClCompile Include="Widgets\HDDWidget.ixx">
      <Filter>Modules\Widgets</Filter>
    </ClCompile>
    <ClCompile Include="RetroGraph.ixx">
      <Filter>Modules</Filter>
    </ClCompile>
    <ClCompile Include="Units.ixx">
      <Filter>Modules</Filter>
    </ClCompile>
    <ClCompile Include="UserSettings.ixx">
      <Filter>Modules</Filter>
    </ClCompile>
    <ClCompile Include="Utils.ixx">
      <Filter>Modules</Filter>
    </ClCompile>
    <ClCompile Include="Colors.ixx">
      <Filter>Modules</Filter>
    </ClCompile>
    <ClCompile Include="FPSLimiter.ixx">
      <Filter>Modules</Filter>
    </ClCompile>
    <ClCompile Include="IRetroGraph.ixx">
      <Filter>Modules</Filter>
    </ClCompile>
    <ClCompile Include="Monitors.ixx">
      <Filter>Modules</Filter>
    </ClCompile>
    <ClCompile Include="Window.ixx">
      <Filter>Modules</Filter>
    </ClCompile>
    <ClCompile Include="RGAssert.cpp">
      <Filter>Source Files</Filter>
    </ClCompile>
    <ClCompile Include="Rendering\GLListContainer.ixx">
      <Filter>Modules\Rendering</Filter>
    </ClCompile>
    <ClCompile Include="Rendering\Shader.ixx">
      <Filter>Modules\Rendering</Filter>
    </ClCompile>
    <ClCompile Include="Rendering\DrawUtils.ixx">
      <Filter>Modules\Rendering</Filter>
    </ClCompile>
    <ClCompile Include="Rendering\FontManager.ixx">
      <Filter>Modules\Rendering</Filter>
    </ClCompile>
    <ClCompile Include="RGAssert.h">
      <Filter>Header Units</Filter>
    </ClCompile>
    <ClCompile Include="NvidiaHeaderUnit.h">
      <Filter>Header Units</Filter>
    </ClCompile>
    <ClCompile Include="CoreTempHeaderUnit.h">
      <Filter>Header Units</Filter>
    </ClCompile>
    <ClCompile Include="Measures\AnimationState.cpp">
      <Filter>Modules\Measures</Filter>
    </ClCompile>
    <ClCompile Include="Measures\Data\ProcessData.cpp">
      <Filter>Modules\Measures\Data</Filter>
    </ClCompile>
    <ClCompile Include="Measures\CPUMeasure.cpp">
      <Filter>Modules\Measures</Filter>
    </ClCompile>
    <ClCompile Include="Measures\CPUPlugin.cpp">
      <Filter>Modules\Measures</Filter>
    </ClCompile>
    <ClCompile Include="Measures\DisplayMeasure.cpp">
      <Filter>Modules\Measures</Filter>
    </ClCompile>
    <ClCompile Include="Measures\DriveMeasure.cpp">
      <Filter>Modules\Measures</Filter>
    </ClCompile>
    <ClCompile Include="Measures\Data\DriveInfo.cpp">
      <Filter>Modules\Measures\Data</Filter>
    </ClCompile>
    <ClCompile Include="Measures\GPUMeasure.cpp">
      <Filter>Modules\Measures</Filter>
    </ClCompile>
    <ClCompile Include="Measures\MusicMeasure.cpp">
      <Filter>Modules\Measures</Filter>
    </ClCompile>
    <ClCompile Include="Measures\NetMeasure.cpp">
      <Filter>Modules\Measures</Filter>
    </ClCompile>
    <ClCompile Include="Measures\ParticleLine.ixx">
      <Filter>Modules\Measures</Filter>
    </ClCompile>
    <ClCompile Include="Measures\Particle.cpp">
      <Filter>Modules\Measures</Filter>
    </ClCompile>
    <ClCompile Include="Measures\ProcessMeasure.cpp">
      <Filter>Modules\Measures</Filter>
    </ClCompile>
    <ClCompile Include="Measures\RAMMeasure.cpp">
      <Filter>Modules\Measures</Filter>
    </ClCompile>
    <ClCompile Include="Measures\SystemMeasure.cpp">
      <Filter>Modules\Measures</Filter>
    </ClCompile>
    <ClCompile Include="Rendering\DrawUtils.cpp">
      <Filter>Modules\Rendering</Filter>
    </ClCompile>
    <ClCompile Include="Rendering\Viewport.ixx">
      <Filter>Modules\Rendering</Filter>
    </ClCompile>
    <ClCompile Include="Rendering\FontManager.cpp">
      <Filter>Modules\Rendering</Filter>
    </ClCompile>
    <ClCompile Include="Rendering\GLListContainer.cpp">
      <Filter>Modules\Rendering</Filter>
    </ClCompile>
    <ClCompile Include="Rendering\Shader.cpp">
      <Filter>Modules\Rendering</Filter>
    </ClCompile>
    <ClCompile Include="Widgets\CPUStatsWidget.cpp">
      <Filter>Modules\Widgets</Filter>
    </ClCompile>
    <ClCompile Include="Widgets\FPSWidget.cpp">
      <Filter>Modules\Widgets</Filter>
    </ClCompile>
    <ClCompile Include="Widgets\WidgetType.ixx">
      <Filter>Modules\Widgets</Filter>
    </ClCompile>
    <ClCompile Include="Widgets\WidgetPosition.ixx">
      <Filter>Modules\Widgets</Filter>
    </ClCompile>
    <ClCompile Include="Widgets\RAMGraphWidget.cpp">
      <Filter>Modules\Widgets</Filter>
    </ClCompile>
    <ClCompile Include="Widgets\HDDWidget.cpp">
      <Filter>Modules\Widgets</Filter>
    </ClCompile>
    <ClCompile Include="Widgets\MainWidget.cpp">
      <Filter>Modules\Widgets</Filter>
    </ClCompile>
    <ClCompile Include="Widgets\MusicWidget.cpp">
      <Filter>Modules\Widgets</Filter>
    </ClCompile>
    <ClCompile Include="Widgets\NetStatsWidget.cpp">
      <Filter>Modules\Widgets</Filter>
    </ClCompile>
    <ClCompile Include="Widgets\ProcessCPUWidget.cpp">
      <Filter>Modules\Widgets</Filter>
    </ClCompile>
    <ClCompile Include="Widgets\ProcessRAMWidget.cpp">
      <Filter>Modules\Widgets</Filter>
    </ClCompile>
    <ClCompile Include="Widgets\SystemStatsWidget.cpp">
      <Filter>Modules\Widgets</Filter>
    </ClCompile>
    <ClCompile Include="Widgets\TimeWidget.cpp">
      <Filter>Modules\Widgets</Filter>
    </ClCompile>
    <ClCompile Include="MonitorData.ixx">
      <Filter>Modules</Filter>
    </ClCompile>
    <ClCompile Include="Monitors.cpp">
      <Filter>Modules</Filter>
    </ClCompile>
    <ClCompile Include="FPSLimiter.cpp">
      <Filter>Modules</Filter>
    </ClCompile>
    <ClCompile Include="RetroGraph.cpp">
      <Filter>Modules</Filter>
    </ClCompile>
    <ClCompile Include="UserSettings.cpp">
      <Filter>Modules</Filter>
    </ClCompile>
    <ClCompile Include="Utils.cpp">
      <Filter>Modules</Filter>
    </ClCompile>
    <ClCompile Include="CSTDHeaderUnit.h">
      <Filter>Header Units</Filter>
    </ClCompile>
    <ClCompile Include="Window.cpp">
      <Filter>Modules</Filter>
    </ClCompile>
    <ClCompile Include="Widgets\WidgetContainer.ixx">
      <Filter>Modules\Widgets</Filter>
    </ClCompile>
    <ClCompile Include="Widgets\Widget.cpp">
      <Filter>Modules\Widgets</Filter>
    </ClCompile>
    <ClCompile Include="Widgets\WidgetContainer.cpp">
      <Filter>Modules\Widgets</Filter>
    </ClCompile>
    <ClCompile Include="Rendering\VAO.ixx">
      <Filter>Modules\Rendering</Filter>
    </ClCompile>
    <ClCompile Include="EventppHeaderUnit.h">
      <Filter>Header Units</Filter>
    </ClCompile>
    <ClCompile Include="Rendering\VBO.ixx">
      <Filter>Modules\Rendering</Filter>
    </ClCompile>
    <ClCompile Include="Widgets\NetGraphWidget.ixx">
      <Filter>Modules\Widgets</Filter>
    </ClCompile>
    <ClCompile Include="Widgets\NetGraphWidget.cpp">
      <Filter>Modules\Widgets</Filter>
    </ClCompile>
    <ClCompile Include="Widgets\CPUGraphWidget.cpp">
      <Filter>Modules\Widgets</Filter>
    </ClCompile>
    <ClCompile Include="Widgets\CPUGraphWidget.ixx">
      <Filter>Modules\Widgets</Filter>
    </ClCompile>
    <ClCompile Include="Widgets\GPUGraphWidget.cpp">
      <Filter>Modules\Widgets</Filter>
    </ClCompile>
    <ClCompile Include="Widgets\GPUGraphWidget.ixx">
      <Filter>Modules\Widgets</Filter>
    </ClCompile>
    <ClCompile Include="Rendering\VBO.cpp">
      <Filter>Modules\Rendering</Filter>
    </ClCompile>
    <ClCompile Include="Widgets\Graph\GraphPointBuffer.ixx">
      <Filter>Modules\Widgets\Graph</Filter>
    </ClCompile>
    <ClCompile Include="Widgets\Graph\LineGraph.ixx">
      <Filter>Modules\Widgets\Graph</Filter>
    </ClCompile>
    <ClCompile Include="Widgets\Graph\MirrorLineGraph.cpp">
      <Filter>Modules\Widgets\Graph</Filter>
    </ClCompile>
    <ClCompile Include="Widgets\Graph\MirrorLineGraph.ixx">
      <Filter>Modules\Widgets\Graph</Filter>
    </ClCompile>
    <ClCompile Include="Widgets\Graph\Spline.ixx">
      <Filter>Modules\Widgets\Graph</Filter>
    </ClCompile>
    <ClCompile Include="Widgets\Graph\GraphGrid.cpp">
      <Filter>Modules\Widgets\Graph</Filter>
    </ClCompile>
    <ClCompile Include="Widgets\Graph\GraphGrid.ixx">
      <Filter>Modules\Widgets\Graph</Filter>
    </ClCompile>
    <ClCompile Include="Widgets\Graph\LineGraph.cpp">
      <Filter>Modules\Widgets\Graph</Filter>
    </ClCompile>
    <ClCompile Include="Widgets\Graph\GraphPointBuffer.cpp">
      <Filter>Modules\Widgets\Graph</Filter>
    </ClCompile>
    <ClCompile Include="Widgets\Graph\SmoothLineGraph.ixx">
      <Filter>Modules\Widgets\Graph</Filter>
    </ClCompile>
    <ClCompile Include="Widgets\Graph\SmoothLineGraph.cpp">
      <Filter>Modules\Widgets\Graph</Filter>
    </ClCompile>
  </ItemGroup>
  <ItemGroup>
    <ClInclude Include="Resources\resource.h">
      <Filter>Resources</Filter>
    </ClInclude>
    <ClInclude Include="RetroGraphDLL.h">
      <Filter>Source Files</Filter>
    </ClInclude>
  </ItemGroup>
  <ItemGroup>
    <ResourceCompile Include="Resources\RetroGraphDLL.rc">
      <Filter>Resources</Filter>
    </ResourceCompile>
  </ItemGroup>
  <ItemGroup>
    <Image Include="Resources\AppIcon.ico">
      <Filter>Resources</Filter>
    </Image>
  </ItemGroup>
  <ItemGroup>
    <None Include="..\RetroGraph\Resources\shaders\particle.frag">
      <Filter>Resources\shaders</Filter>
    </None>
    <None Include="..\RetroGraph\Resources\shaders\particle.vert">
      <Filter>Resources\shaders</Filter>
    </None>
    <None Include="..\RetroGraph\Resources\shaders\particleLine.frag">
      <Filter>Resources\shaders</Filter>
    </None>
    <None Include="..\RetroGraph\Resources\shaders\particleLine.vert">
      <Filter>Resources\shaders</Filter>
    </None>
    <None Include="..\RetroGraph\Resources\shaders\lineGraph.vert">
      <Filter>Resources\shaders</Filter>
    </None>
    <None Include="..\RetroGraph\Resources\shaders\lineGraph.frag">
      <Filter>Resources\shaders</Filter>
    </None>
  </ItemGroup>
</Project>